// !$*UTF8*$!
{
	archiveVersion = 1;
	classes = {
	};
	objectVersion = 55;
	objects = {

/* Begin PBXBuildFile section */
		D149909427EA585200DC0A0D /* ShortContactsViewController.swift in Sources */ = {isa = PBXBuildFile; fileRef = D149909327EA585200DC0A0D /* ShortContactsViewController.swift */; };
		D149909627EA587300DC0A0D /* DetailContactsViewController.swift in Sources */ = {isa = PBXBuildFile; fileRef = D149909527EA587300DC0A0D /* DetailContactsViewController.swift */; };
		D149909827EA589C00DC0A0D /* PersonDetailViewController.swift in Sources */ = {isa = PBXBuildFile; fileRef = D149909727EA589C00DC0A0D /* PersonDetailViewController.swift */; };
		D1B3E95927EA20170071A130 /* AppDelegate.swift in Sources */ = {isa = PBXBuildFile; fileRef = D1B3E95827EA20170071A130 /* AppDelegate.swift */; };
		D1B3E95B27EA20170071A130 /* SceneDelegate.swift in Sources */ = {isa = PBXBuildFile; fileRef = D1B3E95A27EA20170071A130 /* SceneDelegate.swift */; };
		D1B3E96027EA20170071A130 /* Main.storyboard in Resources */ = {isa = PBXBuildFile; fileRef = D1B3E95E27EA20170071A130 /* Main.storyboard */; };
		D1B3E96227EA20200071A130 /* Assets.xcassets in Resources */ = {isa = PBXBuildFile; fileRef = D1B3E96127EA20200071A130 /* Assets.xcassets */; };
		D1B3E96527EA20200071A130 /* LaunchScreen.storyboard in Resources */ = {isa = PBXBuildFile; fileRef = D1B3E96327EA20200071A130 /* LaunchScreen.storyboard */; };
		D1B3E97227EA22C20071A130 /* DataManager.swift in Sources */ = {isa = PBXBuildFile; fileRef = D1B3E97127EA22C20071A130 /* DataManager.swift */; };
		D1B3E97527EA22F40071A130 /* Person.swift in Sources */ = {isa = PBXBuildFile; fileRef = D1B3E97427EA22F40071A130 /* Person.swift */; };
/* End PBXBuildFile section */

/* Begin PBXFileReference section */
		D149909327EA585200DC0A0D /* ShortContactsViewController.swift */ = {isa = PBXFileReference; lastKnownFileType = sourcecode.swift; path = ShortContactsViewController.swift; sourceTree = "<group>"; };
		D149909527EA587300DC0A0D /* DetailContactsViewController.swift */ = {isa = PBXFileReference; lastKnownFileType = sourcecode.swift; path = DetailContactsViewController.swift; sourceTree = "<group>"; };
		D149909727EA589C00DC0A0D /* PersonDetailViewController.swift */ = {isa = PBXFileReference; lastKnownFileType = sourcecode.swift; path = PersonDetailViewController.swift; sourceTree = "<group>"; };
		D1B3E95527EA20170071A130 /* PersonalList.app */ = {isa = PBXFileReference; explicitFileType = wrapper.application; includeInIndex = 0; path = PersonalList.app; sourceTree = BUILT_PRODUCTS_DIR; };
		D1B3E95827EA20170071A130 /* AppDelegate.swift */ = {isa = PBXFileReference; lastKnownFileType = sourcecode.swift; path = AppDelegate.swift; sourceTree = "<group>"; };
		D1B3E95A27EA20170071A130 /* SceneDelegate.swift */ = {isa = PBXFileReference; lastKnownFileType = sourcecode.swift; path = SceneDelegate.swift; sourceTree = "<group>"; };
		D1B3E95F27EA20170071A130 /* Base */ = {isa = PBXFileReference; lastKnownFileType = file.storyboard; name = Base; path = Base.lproj/Main.storyboard; sourceTree = "<group>"; };
		D1B3E96127EA20200071A130 /* Assets.xcassets */ = {isa = PBXFileReference; lastKnownFileType = folder.assetcatalog; path = Assets.xcassets; sourceTree = "<group>"; };
		D1B3E96427EA20200071A130 /* Base */ = {isa = PBXFileReference; lastKnownFileType = file.storyboard; name = Base; path = Base.lproj/LaunchScreen.storyboard; sourceTree = "<group>"; };
		D1B3E96627EA20200071A130 /* Info.plist */ = {isa = PBXFileReference; lastKnownFileType = text.plist.xml; path = Info.plist; sourceTree = "<group>"; };
		D1B3E97127EA22C20071A130 /* DataManager.swift */ = {isa = PBXFileReference; lastKnownFileType = sourcecode.swift; path = DataManager.swift; sourceTree = "<group>"; };
		D1B3E97427EA22F40071A130 /* Person.swift */ = {isa = PBXFileReference; lastKnownFileType = sourcecode.swift; path = Person.swift; sourceTree = "<group>"; };
/* End PBXFileReference section */

/* Begin PBXFrameworksBuildPhase section */
		D1B3E95227EA20170071A130 /* Frameworks */ = {
			isa = PBXFrameworksBuildPhase;
			buildActionMask = 2147483647;
			files = (
			);
			runOnlyForDeploymentPostprocessing = 0;
		};
/* End PBXFrameworksBuildPhase section */

/* Begin PBXGroup section */
		D1B3E94C27EA20170071A130 = {
			isa = PBXGroup;
			children = (
				D1B3E95727EA20170071A130 /* PersonalList */,
				D1B3E95627EA20170071A130 /* Products */,
			);
			sourceTree = "<group>";
		};
		D1B3E95627EA20170071A130 /* Products */ = {
			isa = PBXGroup;
			children = (
				D1B3E95527EA20170071A130 /* PersonalList.app */,
			);
			name = Products;
			sourceTree = "<group>";
		};
		D1B3E95727EA20170071A130 /* PersonalList */ = {
			isa = PBXGroup;
			children = (
				D1B3E97327EA22CC0071A130 /* Model */,
				D1B3E97027EA229A0071A130 /* Services */,
				D1B3E96E27EA20A80071A130 /* Storyboards */,
				D1B3E96D27EA206C0071A130 /* ViewControllers */,
				D1B3E96F27EA20B50071A130 /* Resourses */,
				D1B3E96C27EA20410071A130 /* App */,
			);
			path = PersonalList;
			sourceTree = "<group>";
		};
		D1B3E96C27EA20410071A130 /* App */ = {
			isa = PBXGroup;
			children = (
				D1B3E95827EA20170071A130 /* AppDelegate.swift */,
				D1B3E95A27EA20170071A130 /* SceneDelegate.swift */,
				D1B3E96627EA20200071A130 /* Info.plist */,
			);
			path = App;
			sourceTree = "<group>";
		};
		D1B3E96D27EA206C0071A130 /* ViewControllers */ = {
			isa = PBXGroup;
			children = (
				D149909327EA585200DC0A0D /* ShortContactsViewController.swift */,
				D149909527EA587300DC0A0D /* DetailContactsViewController.swift */,
				D149909727EA589C00DC0A0D /* PersonDetailViewController.swift */,
			);
			path = ViewControllers;
			sourceTree = "<group>";
		};
		D1B3E96E27EA20A80071A130 /* Storyboards */ = {
			isa = PBXGroup;
			children = (
				D1B3E95E27EA20170071A130 /* Main.storyboard */,
				D1B3E96327EA20200071A130 /* LaunchScreen.storyboard */,
			);
			path = Storyboards;
			sourceTree = "<group>";
		};
		D1B3E96F27EA20B50071A130 /* Resourses */ = {
			isa = PBXGroup;
			children = (
				D1B3E96127EA20200071A130 /* Assets.xcassets */,
			);
			path = Resourses;
			sourceTree = "<group>";
		};
		D1B3E97027EA229A0071A130 /* Services */ = {
			isa = PBXGroup;
			children = (
				D1B3E97127EA22C20071A130 /* DataManager.swift */,
			);
			path = Services;
			sourceTree = "<group>";
		};
		D1B3E97327EA22CC0071A130 /* Model */ = {
			isa = PBXGroup;
			children = (
				D1B3E97427EA22F40071A130 /* Person.swift */,
			);
			path = Model;
			sourceTree = "<group>";
		};
/* End PBXGroup section */

/* Begin PBXNativeTarget section */
		D1B3E95427EA20170071A130 /* PersonalList */ = {
			isa = PBXNativeTarget;
			buildConfigurationList = D1B3E96927EA20200071A130 /* Build configuration list for PBXNativeTarget "PersonalList" */;
			buildPhases = (
				D1B3E95127EA20170071A130 /* Sources */,
				D1B3E95227EA20170071A130 /* Frameworks */,
				D1B3E95327EA20170071A130 /* Resources */,
			);
			buildRules = (
			);
			dependencies = (
			);
			name = PersonalList;
			productName = PersonalList;
			productReference = D1B3E95527EA20170071A130 /* PersonalList.app */;
			productType = "com.apple.product-type.application";
		};
/* End PBXNativeTarget section */

/* Begin PBXProject section */
		D1B3E94D27EA20170071A130 /* Project object */ = {
			isa = PBXProject;
			attributes = {
				BuildIndependentTargetsInParallel = 1;
				LastSwiftUpdateCheck = 1330;
				LastUpgradeCheck = 1330;
				TargetAttributes = {
					D1B3E95427EA20170071A130 = {
						CreatedOnToolsVersion = 13.3;
					};
				};
			};
			buildConfigurationList = D1B3E95027EA20170071A130 /* Build configuration list for PBXProject "PersonalList" */;
			compatibilityVersion = "Xcode 13.0";
			developmentRegion = en;
			hasScannedForEncodings = 0;
			knownRegions = (
				en,
				Base,
			);
			mainGroup = D1B3E94C27EA20170071A130;
			productRefGroup = D1B3E95627EA20170071A130 /* Products */;
			projectDirPath = "";
			projectRoot = "";
			targets = (
				D1B3E95427EA20170071A130 /* PersonalList */,
			);
		};
/* End PBXProject section */

/* Begin PBXResourcesBuildPhase section */
		D1B3E95327EA20170071A130 /* Resources */ = {
			isa = PBXResourcesBuildPhase;
			buildActionMask = 2147483647;
			files = (
				D1B3E96527EA20200071A130 /* LaunchScreen.storyboard in Resources */,
				D1B3E96227EA20200071A130 /* Assets.xcassets in Resources */,
				D1B3E96027EA20170071A130 /* Main.storyboard in Resources */,
			);
			runOnlyForDeploymentPostprocessing = 0;
		};
/* End PBXResourcesBuildPhase section */

/* Begin PBXSourcesBuildPhase section */
		D1B3E95127EA20170071A130 /* Sources */ = {
			isa = PBXSourcesBuildPhase;
			buildActionMask = 2147483647;
			files = (
				D149909627EA587300DC0A0D /* DetailContactsViewController.swift in Sources */,
				D149909427EA585200DC0A0D /* ShortContactsViewController.swift in Sources */,
				D1B3E97527EA22F40071A130 /* Person.swift in Sources */,
				D1B3E97227EA22C20071A130 /* DataManager.swift in Sources */,
				D1B3E95927EA20170071A130 /* AppDelegate.swift in Sources */,
				D149909827EA589C00DC0A0D /* PersonDetailViewController.swift in Sources */,
				D1B3E95B27EA20170071A130 /* SceneDelegate.swift in Sources */,
			);
			runOnlyForDeploymentPostprocessing = 0;
		};
/* End PBXSourcesBuildPhase section */

/* Begin PBXVariantGroup section */
		D1B3E95E27EA20170071A130 /* Main.storyboard */ = {
			isa = PBXVariantGroup;
			children = (
				D1B3E95F27EA20170071A130 /* Base */,
			);
			name = Main.storyboard;
			sourceTree = "<group>";
		};
		D1B3E96327EA20200071A130 /* LaunchScreen.storyboard */ = {
			isa = PBXVariantGroup;
			children = (
				D1B3E96427EA20200071A130 /* Base */,
			);
			name = LaunchScreen.storyboard;
			sourceTree = "<group>";
		};
/* End PBXVariantGroup section */

/* Begin XCBuildConfiguration section */
		D1B3E96727EA20200071A130 /* Debug */ = {
			isa = XCBuildConfiguration;
			buildSettings = {
				ALWAYS_SEARCH_USER_PATHS = NO;
				CLANG_ANALYZER_NONNULL = YES;
				CLANG_ANALYZER_NUMBER_OBJECT_CONVERSION = YES_AGGRESSIVE;
				CLANG_CXX_LANGUAGE_STANDARD = "gnu++17";
				CLANG_ENABLE_MODULES = YES;
				CLANG_ENABLE_OBJC_ARC = YES;
				CLANG_ENABLE_OBJC_WEAK = YES;
				CLANG_WARN_BLOCK_CAPTURE_AUTORELEASING = YES;
				CLANG_WARN_BOOL_CONVERSION = YES;
				CLANG_WARN_COMMA = YES;
				CLANG_WARN_CONSTANT_CONVERSION = YES;
				CLANG_WARN_DEPRECATED_OBJC_IMPLEMENTATIONS = YES;
				CLANG_WARN_DIRECT_OBJC_ISA_USAGE = YES_ERROR;
				CLANG_WARN_DOCUMENTATION_COMMENTS = YES;
				CLANG_WARN_EMPTY_BODY = YES;
				CLANG_WARN_ENUM_CONVERSION = YES;
				CLANG_WARN_INFINITE_RECURSION = YES;
				CLANG_WARN_INT_CONVERSION = YES;
				CLANG_WARN_NON_LITERAL_NULL_CONVERSION = YES;
				CLANG_WARN_OBJC_IMPLICIT_RETAIN_SELF = YES;
				CLANG_WARN_OBJC_LITERAL_CONVERSION = YES;
				CLANG_WARN_OBJC_ROOT_CLASS = YES_ERROR;
				CLANG_WARN_QUOTED_INCLUDE_IN_FRAMEWORK_HEADER = YES;
				CLANG_WARN_RANGE_LOOP_ANALYSIS = YES;
				CLANG_WARN_STRICT_PROTOTYPES = YES;
				CLANG_WARN_SUSPICIOUS_MOVE = YES;
				CLANG_WARN_UNGUARDED_AVAILABILITY = YES_AGGRESSIVE;
				CLANG_WARN_UNREACHABLE_CODE = YES;
				CLANG_WARN__DUPLICATE_METHOD_MATCH = YES;
				COPY_PHASE_STRIP = NO;
				DEBUG_INFORMATION_FORMAT = dwarf;
				ENABLE_STRICT_OBJC_MSGSEND = YES;
				ENABLE_TESTABILITY = YES;
				GCC_C_LANGUAGE_STANDARD = gnu11;
				GCC_DYNAMIC_NO_PIC = NO;
				GCC_NO_COMMON_BLOCKS = YES;
				GCC_OPTIMIZATION_LEVEL = 0;
				GCC_PREPROCESSOR_DEFINITIONS = (
					"DEBUG=1",
					"$(inherited)",
				);
				GCC_WARN_64_TO_32_BIT_CONVERSION = YES;
				GCC_WARN_ABOUT_RETURN_TYPE = YES_ERROR;
				GCC_WARN_UNDECLARED_SELECTOR = YES;
				GCC_WARN_UNINITIALIZED_AUTOS = YES_AGGRESSIVE;
				GCC_WARN_UNUSED_FUNCTION = YES;
				GCC_WARN_UNUSED_VARIABLE = YES;
				IPHONEOS_DEPLOYMENT_TARGET = 15.4;
				MTL_ENABLE_DEBUG_INFO = INCLUDE_SOURCE;
				MTL_FAST_MATH = YES;
				ONLY_ACTIVE_ARCH = YES;
				SDKROOT = iphoneos;
				SWIFT_ACTIVE_COMPILATION_CONDITIONS = DEBUG;
				SWIFT_OPTIMIZATION_LEVEL = "-Onone";
			};
			name = Debug;
		};
		D1B3E96827EA20200071A130 /* Release */ = {
			isa = XCBuildConfiguration;
			buildSettings = {
				ALWAYS_SEARCH_USER_PATHS = NO;
				CLANG_ANALYZER_NONNULL = YES;
				CLANG_ANALYZER_NUMBER_OBJECT_CONVERSION = YES_AGGRESSIVE;
				CLANG_CXX_LANGUAGE_STANDARD = "gnu++17";
				CLANG_ENABLE_MODULES = YES;
				CLANG_ENABLE_OBJC_ARC = YES;
				CLANG_ENABLE_OBJC_WEAK = YES;
				CLANG_WARN_BLOCK_CAPTURE_AUTORELEASING = YES;
				CLANG_WARN_BOOL_CONVERSION = YES;
				CLANG_WARN_COMMA = YES;
				CLANG_WARN_CONSTANT_CONVERSION = YES;
				CLANG_WARN_DEPRECATED_OBJC_IMPLEMENTATIONS = YES;
				CLANG_WARN_DIRECT_OBJC_ISA_USAGE = YES_ERROR;
				CLANG_WARN_DOCUMENTATION_COMMENTS = YES;
				CLANG_WARN_EMPTY_BODY = YES;
				CLANG_WARN_ENUM_CONVERSION = YES;
				CLANG_WARN_INFINITE_RECURSION = YES;
				CLANG_WARN_INT_CONVERSION = YES;
				CLANG_WARN_NON_LITERAL_NULL_CONVERSION = YES;
				CLANG_WARN_OBJC_IMPLICIT_RETAIN_SELF = YES;
				CLANG_WARN_OBJC_LITERAL_CONVERSION = YES;
				CLANG_WARN_OBJC_ROOT_CLASS = YES_ERROR;
				CLANG_WARN_QUOTED_INCLUDE_IN_FRAMEWORK_HEADER = YES;
				CLANG_WARN_RANGE_LOOP_ANALYSIS = YES;
				CLANG_WARN_STRICT_PROTOTYPES = YES;
				CLANG_WARN_SUSPICIOUS_MOVE = YES;
				CLANG_WARN_UNGUARDED_AVAILABILITY = YES_AGGRESSIVE;
				CLANG_WARN_UNREACHABLE_CODE = YES;
				CLANG_WARN__DUPLICATE_METHOD_MATCH = YES;
				COPY_PHASE_STRIP = NO;
				DEBUG_INFORMATION_FORMAT = "dwarf-with-dsym";
				ENABLE_NS_ASSERTIONS = NO;
				ENABLE_STRICT_OBJC_MSGSEND = YES;
				GCC_C_LANGUAGE_STANDARD = gnu11;
				GCC_NO_COMMON_BLOCKS = YES;
				GCC_WARN_64_TO_32_BIT_CONVERSION = YES;
				GCC_WARN_ABOUT_RETURN_TYPE = YES_ERROR;
				GCC_WARN_UNDECLARED_SELECTOR = YES;
				GCC_WARN_UNINITIALIZED_AUTOS = YES_AGGRESSIVE;
				GCC_WARN_UNUSED_FUNCTION = YES;
				GCC_WARN_UNUSED_VARIABLE = YES;
				IPHONEOS_DEPLOYMENT_TARGET = 15.4;
				MTL_ENABLE_DEBUG_INFO = NO;
				MTL_FAST_MATH = YES;
				SDKROOT = iphoneos;
				SWIFT_COMPILATION_MODE = wholemodule;
				SWIFT_OPTIMIZATION_LEVEL = "-O";
				VALIDATE_PRODUCT = YES;
			};
			name = Release;
		};
		D1B3E96A27EA20200071A130 /* Debug */ = {
			isa = XCBuildConfiguration;
			buildSettings = {
				ASSETCATALOG_COMPILER_APPICON_NAME = AppIcon;
				ASSETCATALOG_COMPILER_GLOBAL_ACCENT_COLOR_NAME = AccentColor;
				CODE_SIGN_STYLE = Automatic;
				CURRENT_PROJECT_VERSION = 1;
				DEVELOPMENT_TEAM = Z445WR9458;
				GENERATE_INFOPLIST_FILE = YES;
				INFOPLIST_FILE = PersonalList/App/Info.plist;
				INFOPLIST_KEY_UIApplicationSupportsIndirectInputEvents = YES;
				INFOPLIST_KEY_UILaunchStoryboardName = LaunchScreen;
				INFOPLIST_KEY_UIMainStoryboardFile = Main;
				INFOPLIST_KEY_UISupportedInterfaceOrientations = UIInterfaceOrientationPortrait;
				INFOPLIST_KEY_UISupportedInterfaceOrientations_iPad = "UIInterfaceOrientationPortrait UIInterfaceOrientationPortraitUpsideDown UIInterfaceOrientationLandscapeLeft UIInterfaceOrientationLandscapeRight";
				INFOPLIST_KEY_UISupportedInterfaceOrientations_iPhone = "UIInterfaceOrientationPortrait UIInterfaceOrientationLandscapeLeft UIInterfaceOrientationLandscapeRight";
				LD_RUNPATH_SEARCH_PATHS = (
					"$(inherited)",
					"@executable_path/Frameworks",
				);
				MARKETING_VERSION = 1.0;
				PRODUCT_BUNDLE_IDENTIFIER = "Konstantin-Fomenkov.PersonalList";
				PRODUCT_NAME = "$(TARGET_NAME)";
				SWIFT_EMIT_LOC_STRINGS = YES;
				SWIFT_VERSION = 5.0;
				TARGETED_DEVICE_FAMILY = 1;
			};
			name = Debug;
		};
		D1B3E96B27EA20200071A130 /* Release */ = {
			isa = XCBuildConfiguration;
			buildSettings = {
				ASSETCATALOG_COMPILER_APPICON_NAME = AppIcon;
				ASSETCATALOG_COMPILER_GLOBAL_ACCENT_COLOR_NAME = AccentColor;
				CODE_SIGN_STYLE = Automatic;
				CURRENT_PROJECT_VERSION = 1;
				DEVELOPMENT_TEAM = Z445WR9458;
				GENERATE_INFOPLIST_FILE = YES;
				INFOPLIST_FILE = PersonalList/App/Info.plist;
				INFOPLIST_KEY_UIApplicationSupportsIndirectInputEvents = YES;
				INFOPLIST_KEY_UILaunchStoryboardName = LaunchScreen;
				INFOPLIST_KEY_UIMainStoryboardFile = Main;
				INFOPLIST_KEY_UISupportedInterfaceOrientations = UIInterfaceOrientationPortrait;
				INFOPLIST_KEY_UISupportedInterfaceOrientations_iPad = "UIInterfaceOrientationPortrait UIInterfaceOrientationPortraitUpsideDown UIInterfaceOrientationLandscapeLeft UIInterfaceOrientationLandscapeRight";
				INFOPLIST_KEY_UISupportedInterfaceOrientations_iPhone = "UIInterfaceOrientationPortrait UIInterfaceOrientationLandscapeLeft UIInterfaceOrientationLandscapeRight";
				LD_RUNPATH_SEARCH_PATHS = (
					"$(inherited)",
					"@executable_path/Frameworks",
				);
				MARKETING_VERSION = 1.0;
				PRODUCT_BUNDLE_IDENTIFIER = "Konstantin-Fomenkov.PersonalList";
				PRODUCT_NAME = "$(TARGET_NAME)";
				SWIFT_EMIT_LOC_STRINGS = YES;
				SWIFT_VERSION = 5.0;
				TARGETED_DEVICE_FAMILY = 1;
			};
			name = Release;
		};
/* End XCBuildConfiguration section */

/* Begin XCConfigurationList section */
		D1B3E95027EA20170071A130 /* Build configuration list for PBXProject "PersonalList" */ = {
			isa = XCConfigurationList;
			buildConfigurations = (
				D1B3E96727EA20200071A130 /* Debug */,
				D1B3E96827EA20200071A130 /* Release */,
			);
			defaultConfigurationIsVisible = 0;
			defaultConfigurationName = Release;
		};
		D1B3E96927EA20200071A130 /* Build configuration list for PBXNativeTarget "PersonalList" */ = {
			isa = XCConfigurationList;
			buildConfigurations = (
				D1B3E96A27EA20200071A130 /* Debug */,
				D1B3E96B27EA20200071A130 /* Release */,
			);
			defaultConfigurationIsVisible = 0;
			defaultConfigurationName = Release;
		};
/* End XCConfigurationList section */
	};
	rootObject = D1B3E94D27EA20170071A130 /* Project object */;
}
